
Microsoft Visual Studio Solution File, Format Version 12.00
# Visual Studio Version 17
VisualStudioVersion = 17.5.33627.172
MinimumVisualStudioVersion = 10.0.40219.1
Project("{FAE04EC0-301F-11D3-BF4B-00C04F79EFBC}") = "PurchasingApp", "PurchasingApp\PurchasingApp.csproj", "{4E32A1D3-5A12-43DC-9895-F51C4332D391}"
EndProject
Project("{FAE04EC0-301F-11D3-BF4B-00C04F79EFBC}") = "DataAccessLayer", "DataAccessLayer\DataAccessLayer.csproj", "{A9581752-45D5-479E-ACFE-3D7474384421}"
EndProject
Global
	GlobalSection(SolutionConfigurationPlatforms) = preSolution
		Debug|Any CPU = Debug|Any CPU
		Release|Any CPU = Release|Any CPU
	EndGlobalSection
	GlobalSection(ProjectConfigurationPlatforms) = postSolution
		{4E32A1D3-5A12-43DC-9895-F51C4332D391}.Debug|Any CPU.ActiveCfg = Debug|Any CPU
		{4E32A1D3-5A12-43DC-9895-F51C4332D391}.Debug|Any CPU.Build.0 = Debug|Any CPU
		{4E32A1D3-5A12-43DC-9895-F51C4332D391}.Release|Any CPU.ActiveCfg = Release|Any CPU
		{4E32A1D3-5A12-43DC-9895-F51C4332D391}.Release|Any CPU.Build.0 = Release|Any CPU
		{A9581752-45D5-479E-ACFE-3D7474384421}.Debug|Any CPU.ActiveCfg = Debug|Any CPU
		{A9581752-45D5-479E-ACFE-3D7474384421}.Debug|Any CPU.Build.0 = Debug|Any CPU
		{A9581752-45D5-479E-ACFE-3D7474384421}.Release|Any CPU.ActiveCfg = Release|Any CPU
		{A9581752-45D5-479E-ACFE-3D7474384421}.Release|Any CPU.Build.0 = Release|Any CPU
	EndGlobalSection
	GlobalSection(SolutionProperties) = preSolution
		HideSolutionNode = FALSE
	EndGlobalSection
	GlobalSection(ExtensibilityGlobals) = postSolution
		SolutionGuid = {8CE1EB52-924D-4C88-8E38-99C94C094BD5}
	EndGlobalSection
EndGlobal
